// !$*UTF8*$!
{
	archiveVersion = 1;
	classes = {
	};
	objectVersion = 46;
	objects = {

/* Begin PBXBuildFile section */
		B8CAC84D1A42D12A0076C0CF /* main.m in Sources */ = {isa = PBXBuildFile; fileRef = B8CAC84C1A42D12A0076C0CF /* main.m */; };
		B8CAC8501A42D12A0076C0CF /* AppDelegate.m in Sources */ = {isa = PBXBuildFile; fileRef = B8CAC84F1A42D12A0076C0CF /* AppDelegate.m */; };
		B8CAC8581A42D12A0076C0CF /* Images.xcassets in Resources */ = {isa = PBXBuildFile; fileRef = B8CAC8571A42D12A0076C0CF /* Images.xcassets */; };
		B8CAC85B1A42D12A0076C0CF /* LaunchScreen.xib in Resources */ = {isa = PBXBuildFile; fileRef = B8CAC8591A42D12A0076C0CF /* LaunchScreen.xib */; };
		B8CAC8671A42D12A0076C0CF /* TableImageDownloadTests.m in Sources */ = {isa = PBXBuildFile; fileRef = B8CAC8661A42D12A0076C0CF /* TableImageDownloadTests.m */; };
		B8CAC8721A42D13D0076C0CF /* PhotoRecord.m in Sources */ = {isa = PBXBuildFile; fileRef = B8CAC8711A42D13D0076C0CF /* PhotoRecord.m */; };
		B8CAC8971A42D38B0076C0CF /* ImageDownloader.m in Sources */ = {isa = PBXBuildFile; fileRef = B8CAC8961A42D38B0076C0CF /* ImageDownloader.m */; };
		B8CAC89A1A42DAD50076C0CF /* ImageFiltration.m in Sources */ = {isa = PBXBuildFile; fileRef = B8CAC8991A42DAD50076C0CF /* ImageFiltration.m */; };
		B8CAC8A01A42E0A10076C0CF /* ListViewController.m in Sources */ = {isa = PBXBuildFile; fileRef = B8CAC89F1A42E0A10076C0CF /* ListViewController.m */; };
		B8CAC8A31A42ECB20076C0CF /* PendingOperations.m in Sources */ = {isa = PBXBuildFile; fileRef = B8CAC8A21A42ECB20076C0CF /* PendingOperations.m */; };
/* End PBXBuildFile section */

/* Begin PBXContainerItemProxy section */
		B8CAC8611A42D12A0076C0CF /* PBXContainerItemProxy */ = {
			isa = PBXContainerItemProxy;
			containerPortal = B8CAC83F1A42D12A0076C0CF /* Project object */;
			proxyType = 1;
			remoteGlobalIDString = B8CAC8461A42D12A0076C0CF;
			remoteInfo = TableImageDownload;
		};
/* End PBXContainerItemProxy section */

/* Begin PBXFileReference section */
		B8CAC8471A42D12A0076C0CF /* TableImageDownload.app */ = {isa = PBXFileReference; explicitFileType = wrapper.application; includeInIndex = 0; path = TableImageDownload.app; sourceTree = BUILT_PRODUCTS_DIR; };
		B8CAC84B1A42D12A0076C0CF /* Info.plist */ = {isa = PBXFileReference; lastKnownFileType = text.plist.xml; path = Info.plist; sourceTree = "<group>"; };
		B8CAC84C1A42D12A0076C0CF /* main.m */ = {isa = PBXFileReference; lastKnownFileType = sourcecode.c.objc; path = main.m; sourceTree = "<group>"; };
		B8CAC84E1A42D12A0076C0CF /* AppDelegate.h */ = {isa = PBXFileReference; lastKnownFileType = sourcecode.c.h; path = AppDelegate.h; sourceTree = "<group>"; };
		B8CAC84F1A42D12A0076C0CF /* AppDelegate.m */ = {isa = PBXFileReference; lastKnownFileType = sourcecode.c.objc; path = AppDelegate.m; sourceTree = "<group>"; };
		B8CAC8571A42D12A0076C0CF /* Images.xcassets */ = {isa = PBXFileReference; lastKnownFileType = folder.assetcatalog; path = Images.xcassets; sourceTree = "<group>"; };
		B8CAC85A1A42D12A0076C0CF /* Base */ = {isa = PBXFileReference; lastKnownFileType = file.xib; name = Base; path = Base.lproj/LaunchScreen.xib; sourceTree = "<group>"; };
		B8CAC8601A42D12A0076C0CF /* TableImageDownloadTests.xctest */ = {isa = PBXFileReference; explicitFileType = wrapper.cfbundle; includeInIndex = 0; path = TableImageDownloadTests.xctest; sourceTree = BUILT_PRODUCTS_DIR; };
		B8CAC8651A42D12A0076C0CF /* Info.plist */ = {isa = PBXFileReference; lastKnownFileType = text.plist.xml; path = Info.plist; sourceTree = "<group>"; };
		B8CAC8661A42D12A0076C0CF /* TableImageDownloadTests.m */ = {isa = PBXFileReference; lastKnownFileType = sourcecode.c.objc; path = TableImageDownloadTests.m; sourceTree = "<group>"; };
		B8CAC8701A42D13D0076C0CF /* PhotoRecord.h */ = {isa = PBXFileReference; fileEncoding = 4; lastKnownFileType = sourcecode.c.h; path = PhotoRecord.h; sourceTree = "<group>"; };
		B8CAC8711A42D13D0076C0CF /* PhotoRecord.m */ = {isa = PBXFileReference; fileEncoding = 4; lastKnownFileType = sourcecode.c.objc; path = PhotoRecord.m; sourceTree = "<group>"; };
		B8CAC8731A42D1D10076C0CF /* TableImageDownload-Prefix.pch */ = {isa = PBXFileReference; fileEncoding = 4; lastKnownFileType = sourcecode.c.h; path = "TableImageDownload-Prefix.pch"; sourceTree = "<group>"; };
		B8CAC8951A42D38B0076C0CF /* ImageDownloader.h */ = {isa = PBXFileReference; fileEncoding = 4; lastKnownFileType = sourcecode.c.h; path = ImageDownloader.h; sourceTree = "<group>"; };
		B8CAC8961A42D38B0076C0CF /* ImageDownloader.m */ = {isa = PBXFileReference; fileEncoding = 4; lastKnownFileType = sourcecode.c.objc; path = ImageDownloader.m; sourceTree = "<group>"; };
		B8CAC8981A42DAD50076C0CF /* ImageFiltration.h */ = {isa = PBXFileReference; fileEncoding = 4; lastKnownFileType = sourcecode.c.h; path = ImageFiltration.h; sourceTree = "<group>"; };
		B8CAC8991A42DAD50076C0CF /* ImageFiltration.m */ = {isa = PBXFileReference; fileEncoding = 4; lastKnownFileType = sourcecode.c.objc; path = ImageFiltration.m; sourceTree = "<group>"; };
		B8CAC89E1A42E0A10076C0CF /* ListViewController.h */ = {isa = PBXFileReference; fileEncoding = 4; lastKnownFileType = sourcecode.c.h; path = ListViewController.h; sourceTree = "<group>"; };
		B8CAC89F1A42E0A10076C0CF /* ListViewController.m */ = {isa = PBXFileReference; fileEncoding = 4; lastKnownFileType = sourcecode.c.objc; path = ListViewController.m; sourceTree = "<group>"; };
		B8CAC8A11A42ECB10076C0CF /* PendingOperations.h */ = {isa = PBXFileReference; fileEncoding = 4; lastKnownFileType = sourcecode.c.h; path = PendingOperations.h; sourceTree = "<group>"; };
		B8CAC8A21A42ECB20076C0CF /* PendingOperations.m */ = {isa = PBXFileReference; fileEncoding = 4; lastKnownFileType = sourcecode.c.objc; path = PendingOperations.m; sourceTree = "<group>"; };
/* End PBXFileReference section */

/* Begin PBXFrameworksBuildPhase section */
		B8CAC8441A42D12A0076C0CF /* Frameworks */ = {
			isa = PBXFrameworksBuildPhase;
			buildActionMask = 2147483647;
			files = (
			);
			runOnlyForDeploymentPostprocessing = 0;
		};
		B8CAC85D1A42D12A0076C0CF /* Frameworks */ = {
			isa = PBXFrameworksBuildPhase;
			buildActionMask = 2147483647;
			files = (
			);
			runOnlyForDeploymentPostprocessing = 0;
		};
/* End PBXFrameworksBuildPhase section */

/* Begin PBXGroup section */
		B8CAC83E1A42D12A0076C0CF = {
			isa = PBXGroup;
			children = (
				B8CAC8491A42D12A0076C0CF /* TableImageDownload */,
				B8CAC8631A42D12A0076C0CF /* TableImageDownloadTests */,
				B8CAC8481A42D12A0076C0CF /* Products */,
			);
			sourceTree = "<group>";
		};
		B8CAC8481A42D12A0076C0CF /* Products */ = {
			isa = PBXGroup;
			children = (
				B8CAC8471A42D12A0076C0CF /* TableImageDownload.app */,
				B8CAC8601A42D12A0076C0CF /* TableImageDownloadTests.xctest */,
			);
			name = Products;
			sourceTree = "<group>";
		};
		B8CAC8491A42D12A0076C0CF /* TableImageDownload */ = {
			isa = PBXGroup;
			children = (
				B8CAC84E1A42D12A0076C0CF /* AppDelegate.h */,
				B8CAC84F1A42D12A0076C0CF /* AppDelegate.m */,
				B8CAC89E1A42E0A10076C0CF /* ListViewController.h */,
				B8CAC89F1A42E0A10076C0CF /* ListViewController.m */,
				B8CAC8701A42D13D0076C0CF /* PhotoRecord.h */,
				B8CAC8711A42D13D0076C0CF /* PhotoRecord.m */,
				B8CAC8951A42D38B0076C0CF /* ImageDownloader.h */,
				B8CAC8961A42D38B0076C0CF /* ImageDownloader.m */,
				B8CAC8981A42DAD50076C0CF /* ImageFiltration.h */,
				B8CAC8991A42DAD50076C0CF /* ImageFiltration.m */,
				B8CAC8A11A42ECB10076C0CF /* PendingOperations.h */,
				B8CAC8A21A42ECB20076C0CF /* PendingOperations.m */,
				B8CAC8571A42D12A0076C0CF /* Images.xcassets */,
				B8CAC8591A42D12A0076C0CF /* LaunchScreen.xib */,
				B8CAC84A1A42D12A0076C0CF /* Supporting Files */,
			);
			path = TableImageDownload;
			sourceTree = "<group>";
		};
		B8CAC84A1A42D12A0076C0CF /* Supporting Files */ = {
			isa = PBXGroup;
			children = (
				B8CAC84B1A42D12A0076C0CF /* Info.plist */,
				B8CAC84C1A42D12A0076C0CF /* main.m */,
				B8CAC8731A42D1D10076C0CF /* TableImageDownload-Prefix.pch */,
			);
			name = "Supporting Files";
			sourceTree = "<group>";
		};
		B8CAC8631A42D12A0076C0CF /* TableImageDownloadTests */ = {
			isa = PBXGroup;
			children = (
				B8CAC8661A42D12A0076C0CF /* TableImageDownloadTests.m */,
				B8CAC8641A42D12A0076C0CF /* Supporting Files */,
			);
			path = TableImageDownloadTests;
			sourceTree = "<group>";
		};
		B8CAC8641A42D12A0076C0CF /* Supporting Files */ = {
			isa = PBXGroup;
			children = (
				B8CAC8651A42D12A0076C0CF /* Info.plist */,
			);
			name = "Supporting Files";
			sourceTree = "<group>";
		};
/* End PBXGroup section */

/* Begin PBXNativeTarget section */
		B8CAC8461A42D12A0076C0CF /* TableImageDownload */ = {
			isa = PBXNativeTarget;
			buildConfigurationList = B8CAC86A1A42D12A0076C0CF /* Build configuration list for PBXNativeTarget "TableImageDownload" */;
			buildPhases = (
				B8CAC8431A42D12A0076C0CF /* Sources */,
				B8CAC8441A42D12A0076C0CF /* Frameworks */,
				B8CAC8451A42D12A0076C0CF /* Resources */,
			);
			buildRules = (
			);
			dependencies = (
			);
			name = TableImageDownload;
			productName = TableImageDownload;
			productReference = B8CAC8471A42D12A0076C0CF /* TableImageDownload.app */;
			productType = "com.apple.product-type.application";
		};
		B8CAC85F1A42D12A0076C0CF /* TableImageDownloadTests */ = {
			isa = PBXNativeTarget;
			buildConfigurationList = B8CAC86D1A42D12A0076C0CF /* Build configuration list for PBXNativeTarget "TableImageDownloadTests" */;
			buildPhases = (
				B8CAC85C1A42D12A0076C0CF /* Sources */,
				B8CAC85D1A42D12A0076C0CF /* Frameworks */,
				B8CAC85E1A42D12A0076C0CF /* Resources */,
			);
			buildRules = (
			);
			dependencies = (
				B8CAC8621A42D12A0076C0CF /* PBXTargetDependency */,
			);
			name = TableImageDownloadTests;
			productName = TableImageDownloadTests;
			productReference = B8CAC8601A42D12A0076C0CF /* TableImageDownloadTests.xctest */;
			productType = "com.apple.product-type.bundle.unit-test";
		};
/* End PBXNativeTarget section */

/* Begin PBXProject section */
		B8CAC83F1A42D12A0076C0CF /* Project object */ = {
			isa = PBXProject;
			attributes = {
				LastUpgradeCheck = 0610;
				ORGANIZATIONNAME = "Wild Yaoyao";
				TargetAttributes = {
					B8CAC8461A42D12A0076C0CF = {
						CreatedOnToolsVersion = 6.1;
					};
					B8CAC85F1A42D12A0076C0CF = {
						CreatedOnToolsVersion = 6.1;
						TestTargetID = B8CAC8461A42D12A0076C0CF;
					};
				};
			};
			buildConfigurationList = B8CAC8421A42D12A0076C0CF /* Build configuration list for PBXProject "TableImageDownload" */;
			compatibilityVersion = "Xcode 3.2";
			developmentRegion = English;
			hasScannedForEncodings = 0;
			knownRegions = (
				en,
				Base,
			);
			mainGroup = B8CAC83E1A42D12A0076C0CF;
			productRefGroup = B8CAC8481A42D12A0076C0CF /* Products */;
			projectDirPath = "";
			projectRoot = "";
			targets = (
				B8CAC8461A42D12A0076C0CF /* TableImageDownload */,
				B8CAC85F1A42D12A0076C0CF /* TableImageDownloadTests */,
			);
		};
/* End PBXProject section */

/* Begin PBXResourcesBuildPhase section */
		B8CAC8451A42D12A0076C0CF /* Resources */ = {
			isa = PBXResourcesBuildPhase;
			buildActionMask = 2147483647;
			files = (
				B8CAC85B1A42D12A0076C0CF /* LaunchScreen.xib in Resources */,
				B8CAC8581A42D12A0076C0CF /* Images.xcassets in Resources */,
			);
			runOnlyForDeploymentPostprocessing = 0;
		};
		B8CAC85E1A42D12A0076C0CF /* Resources */ = {
			isa = PBXResourcesBuildPhase;
			buildActionMask = 2147483647;
			files = (
			);
			runOnlyForDeploymentPostprocessing = 0;
		};
/* End PBXResourcesBuildPhase section */

/* Begin PBXSourcesBuildPhase section */
		B8CAC8431A42D12A0076C0CF /* Sources */ = {
			isa = PBXSourcesBuildPhase;
			buildActionMask = 2147483647;
			files = (
				B8CAC8721A42D13D0076C0CF /* PhotoRecord.m in Sources */,
				B8CAC8A01A42E0A10076C0CF /* ListViewController.m in Sources */,
				B8CAC8971A42D38B0076C0CF /* ImageDownloader.m in Sources */,
				B8CAC89A1A42DAD50076C0CF /* ImageFiltration.m in Sources */,
				B8CAC8501A42D12A0076C0CF /* AppDelegate.m in Sources */,
				B8CAC84D1A42D12A0076C0CF /* main.m in Sources */,
				B8CAC8A31A42ECB20076C0CF /* PendingOperations.m in Sources */,
			);
			runOnlyForDeploymentPostprocessing = 0;
		};
		B8CAC85C1A42D12A0076C0CF /* Sources */ = {
			isa = PBXSourcesBuildPhase;
			buildActionMask = 2147483647;
			files = (
				B8CAC8671A42D12A0076C0CF /* TableImageDownloadTests.m in Sources */,
			);
			runOnlyForDeploymentPostprocessing = 0;
		};
/* End PBXSourcesBuildPhase section */

/* Begin PBXTargetDependency section */
		B8CAC8621A42D12A0076C0CF /* PBXTargetDependency */ = {
			isa = PBXTargetDependency;
			target = B8CAC8461A42D12A0076C0CF /* TableImageDownload */;
			targetProxy = B8CAC8611A42D12A0076C0CF /* PBXContainerItemProxy */;
		};
/* End PBXTargetDependency section */

/* Begin PBXVariantGroup section */
		B8CAC8591A42D12A0076C0CF /* LaunchScreen.xib */ = {
			isa = PBXVariantGroup;
			children = (
				B8CAC85A1A42D12A0076C0CF /* Base */,
			);
			name = LaunchScreen.xib;
			sourceTree = "<group>";
		};
/* End PBXVariantGroup section */

/* Begin XCBuildConfiguration section */
		B8CAC8681A42D12A0076C0CF /* Debug */ = {
			isa = XCBuildConfiguration;
			buildSettings = {
				ALWAYS_SEARCH_USER_PATHS = NO;
				CLANG_CXX_LANGUAGE_STANDARD = "gnu++0x";
				CLANG_CXX_LIBRARY = "libc++";
				CLANG_ENABLE_MODULES = YES;
				CLANG_ENABLE_OBJC_ARC = YES;
				CLANG_WARN_BOOL_CONVERSION = YES;
				CLANG_WARN_CONSTANT_CONVERSION = YES;
				CLANG_WARN_DIRECT_OBJC_ISA_USAGE = YES_ERROR;
				CLANG_WARN_EMPTY_BODY = YES;
				CLANG_WARN_ENUM_CONVERSION = YES;
				CLANG_WARN_INT_CONVERSION = YES;
				CLANG_WARN_OBJC_ROOT_CLASS = YES_ERROR;
				CLANG_WARN_UNREACHABLE_CODE = YES;
				CLANG_WARN__DUPLICATE_METHOD_MATCH = YES;
				"CODE_SIGN_IDENTITY[sdk=iphoneos*]" = "iPhone Developer";
				COPY_PHASE_STRIP = NO;
				ENABLE_STRICT_OBJC_MSGSEND = YES;
				GCC_C_LANGUAGE_STANDARD = gnu99;
				GCC_DYNAMIC_NO_PIC = NO;
				GCC_OPTIMIZATION_LEVEL = 0;
				GCC_PREPROCESSOR_DEFINITIONS = (
					"DEBUG=1",
					"$(inherited)",
				);
				GCC_SYMBOLS_PRIVATE_EXTERN = NO;
				GCC_WARN_64_TO_32_BIT_CONVERSION = YES;
				GCC_WARN_ABOUT_RETURN_TYPE = YES_ERROR;
				GCC_WARN_UNDECLARED_SELECTOR = YES;
				GCC_WARN_UNINITIALIZED_AUTOS = YES_AGGRESSIVE;
				GCC_WARN_UNUSED_FUNCTION = YES;
				GCC_WARN_UNUSED_VARIABLE = YES;
				IPHONEOS_DEPLOYMENT_TARGET = 8.1;
				MTL_ENABLE_DEBUG_INFO = YES;
				ONLY_ACTIVE_ARCH = YES;
				SDKROOT = iphoneos;
			};
			name = Debug;
		};
		B8CAC8691A42D12A0076C0CF /* Release */ = {
			isa = XCBuildConfiguration;
			buildSettings = {
				ALWAYS_SEARCH_USER_PATHS = NO;
				CLANG_CXX_LANGUAGE_STANDARD = "gnu++0x";
				CLANG_CXX_LIBRARY = "libc++";
				CLANG_ENABLE_MODULES = YES;
				CLANG_ENABLE_OBJC_ARC = YES;
				CLANG_WARN_BOOL_CONVERSION = YES;
				CLANG_WARN_CONSTANT_CONVERSION = YES;
				CLANG_WARN_DIRECT_OBJC_ISA_USAGE = YES_ERROR;
				CLANG_WARN_EMPTY_BODY = YES;
				CLANG_WARN_ENUM_CONVERSION = YES;
				CLANG_WARN_INT_CONVERSION = YES;
				CLANG_WARN_OBJC_ROOT_CLASS = YES_ERROR;
				CLANG_WARN_UNREACHABLE_CODE = YES;
				CLANG_WARN__DUPLICATE_METHOD_MATCH = YES;
				"CODE_SIGN_IDENTITY[sdk=iphoneos*]" = "iPhone Developer";
				COPY_PHASE_STRIP = YES;
				ENABLE_NS_ASSERTIONS = NO;
				ENABLE_STRICT_OBJC_MSGSEND = YES;
				GCC_C_LANGUAGE_STANDARD = gnu99;
				GCC_WARN_64_TO_32_BIT_CONVERSION = YES;
				GCC_WARN_ABOUT_RETURN_TYPE = YES_ERROR;
				GCC_WARN_UNDECLARED_SELECTOR = YES;
				GCC_WARN_UNINITIALIZED_AUTOS = YES_AGGRESSIVE;
				GCC_WARN_UNUSED_FUNCTION = YES;
				GCC_WARN_UNUSED_VARIABLE = YES;
				IPHONEOS_DEPLOYMENT_TARGET = 8.1;
				MTL_ENABLE_DEBUG_INFO = NO;
				SDKROOT = iphoneos;
				VALIDATE_PRODUCT = YES;
			};
			name = Release;
		};
		B8CAC86B1A42D12A0076C0CF /* Debug */ = {
			isa = XCBuildConfiguration;
			buildSettings = {
				ASSETCATALOG_COMPILER_APPICON_NAME = AppIcon;
				GCC_PRECOMPILE_PREFIX_HEADER = YES;
				GCC_PREFIX_HEADER = "$(SRCROOT)/TableImageDownload//TableImageDownload-Prefix.pch";
				INFOPLIST_FILE = TableImageDownload/Info.plist;
				LD_RUNPATH_SEARCH_PATHS = "$(inherited) @executable_path/Frameworks";
				PRODUCT_NAME = "$(TARGET_NAME)";
			};
			name = Debug;
		};
		B8CAC86C1A42D12A0076C0CF /* Release */ = {
			isa = XCBuildConfiguration;
			buildSettings = {
				ASSETCATALOG_COMPILER_APPICON_NAME = AppIcon;
				GCC_PRECOMPILE_PREFIX_HEADER = YES;
				GCC_PREFIX_HEADER = "$(SRCROOT)/TableImageDownload//TableImageDownload-Prefix.pch";
				INFOPLIST_FILE = TableImageDownload/Info.plist;
				LD_RUNPATH_SEARCH_PATHS = "$(inherited) @executable_path/Frameworks";
				PRODUCT_NAME = "$(TARGET_NAME)";
			};
			name = Release;
		};
		B8CAC86E1A42D12A0076C0CF /* Debug */ = {
			isa = XCBuildConfiguration;
			buildSettings = {
				BUNDLE_LOADER = "$(TEST_HOST)";
				FRAMEWORK_SEARCH_PATHS = (
					"$(SDKROOT)/Developer/Library/Frameworks",
					"$(inherited)",
				);
				GCC_PREPROCESSOR_DEFINITIONS = (
					"DEBUG=1",
					"$(inherited)",
				);
				INFOPLIST_FILE = TableImageDownloadTests/Info.plist;
				LD_RUNPATH_SEARCH_PATHS = "$(inherited) @executable_path/Frameworks @loader_path/Frameworks";
				PRODUCT_NAME = "$(TARGET_NAME)";
				TEST_HOST = "$(BUILT_PRODUCTS_DIR)/TableImageDownload.app/TableImageDownload";
			};
			name = Debug;
		};
		B8CAC86F1A42D12A0076C0CF /* Release */ = {
			isa = XCBuildConfiguration;
			buildSettings = {
				BUNDLE_LOADER = "$(TEST_HOST)";
				FRAMEWORK_SEARCH_PATHS = (
					"$(SDKROOT)/Developer/Library/Frameworks",
					"$(inherited)",
				);
				INFOPLIST_FILE = TableImageDownloadTests/Info.plist;
				LD_RUNPATH_SEARCH_PATHS = "$(inherited) @executable_path/Frameworks @loader_path/Frameworks";
				PRODUCT_NAME = "$(TARGET_NAME)";
				TEST_HOST = "$(BUILT_PRODUCTS_DIR)/TableImageDownload.app/TableImageDownload";
			};
			name = Release;
		};
/* End XCBuildConfiguration section */

/* Begin XCConfigurationList section */
		B8CAC8421A42D12A0076C0CF /* Build configuration list for PBXProject "TableImageDownload" */ = {
			isa = XCConfigurationList;
			buildConfigurations = (
				B8CAC8681A42D12A0076C0CF /* Debug */,
				B8CAC8691A42D12A0076C0CF /* Release */,
			);
			defaultConfigurationIsVisible = 0;
			defaultConfigurationName = Release;
		};
		B8CAC86A1A42D12A0076C0CF /* Build configuration list for PBXNativeTarget "TableImageDownload" */ = {
			isa = XCConfigurationList;
			buildConfigurations = (
				B8CAC86B1A42D12A0076C0CF /* Debug */,
				B8CAC86C1A42D12A0076C0CF /* Release */,
			);
			defaultConfigurationIsVisible = 0;
		};
		B8CAC86D1A42D12A0076C0CF /* Build configuration list for PBXNativeTarget "TableImageDownloadTests" */ = {
			isa = XCConfigurationList;
			buildConfigurations = (
				B8CAC86E1A42D12A0076C0CF /* Debug */,
				B8CAC86F1A42D12A0076C0CF /* Release */,
			);
			defaultConfigurationIsVisible = 0;
		};
/* End XCConfigurationList section */
	};
	rootObject = B8CAC83F1A42D12A0076C0CF /* Project object */;
}
